
Microsoft Visual Studio Solution File, Format Version 11.00
# Visual Studio 2010
Project("{FAE04EC0-301F-11D3-BF4B-00C04F79EFBC}") = "envelopes", "Assembly-CSharp.csproj", "{A04C3981-ABD5-CD0F-E1CF-7FA4EB7DFAF8}"
EndProject
Project("{FAE04EC0-301F-11D3-BF4B-00C04F79EFBC}") = "envelopes", "Assembly-CSharp-Editor.csproj", "{730C7FD8-416C-BD72-50F6-47C9ED5D16DB}"
EndProject
Global
	GlobalSection(SolutionConfigurationPlatforms) = preSolution
		Debug|Any CPU = Debug|Any CPU
		Release|Any CPU = Release|Any CPU
	EndGlobalSection
	GlobalSection(ProjectConfigurationPlatforms) = postSolution
		{A04C3981-ABD5-CD0F-E1CF-7FA4EB7DFAF8}.Debug|Any CPU.ActiveCfg = Debug|Any CPU
		{A04C3981-ABD5-CD0F-E1CF-7FA4EB7DFAF8}.Debug|Any CPU.Build.0 = Debug|Any CPU
		{A04C3981-ABD5-CD0F-E1CF-7FA4EB7DFAF8}.Release|Any CPU.ActiveCfg = Release|Any CPU
		{A04C3981-ABD5-CD0F-E1CF-7FA4EB7DFAF8}.Release|Any CPU.Build.0 = Release|Any CPU
		{730C7FD8-416C-BD72-50F6-47C9ED5D16DB}.Debug|Any CPU.ActiveCfg = Debug|Any CPU
		{730C7FD8-416C-BD72-50F6-47C9ED5D16DB}.Debug|Any CPU.Build.0 = Debug|Any CPU
		{730C7FD8-416C-BD72-50F6-47C9ED5D16DB}.Release|Any CPU.ActiveCfg = Release|Any CPU
		{730C7FD8-416C-BD72-50F6-47C9ED5D16DB}.Release|Any CPU.Build.0 = Release|Any CPU
	EndGlobalSection
	GlobalSection(SolutionProperties) = preSolution
		HideSolutionNode = FALSE
	EndGlobalSection
	GlobalSection(MonoDevelopProperties) = preSolution
		StartupItem = Assembly-CSharp.csproj
	EndGlobalSection
EndGlobal
